
Microsoft Visual Studio Solution File, Format Version 12.00
# Visual Studio 14
VisualStudioVersion = 14.0.25420.1
MinimumVisualStudioVersion = 10.0.40219.1
Project("{FAE04EC0-301F-11D3-BF4B-00C04F79EFBC}") = "NArchitecture", "NArchitecture\NArchitecture.csproj", "{FEABCD2E-FC9E-4CE4-891D-D3F497322217}"
EndProject
Project("{FAE04EC0-301F-11D3-BF4B-00C04F79EFBC}") = "NArchitecture.Tests", "NArchitecture.Tests\NArchitecture.Tests.csproj", "{9C76E8E3-59D2-4186-B530-AAB7EAF0751A}"
EndProject
Project("{2150E333-8FDC-42A3-9474-1A3956D46DE8}") = "AppVeyor", "AppVeyor", "{AC0E1D35-E18C-4E40-8E06-8246E4172A32}"
	ProjectSection(SolutionItems) = preProject
		appveyor.yml = appveyor.yml
		coverage.cmd = coverage.cmd
	EndProjectSection
EndProject
Global
	GlobalSection(SolutionConfigurationPlatforms) = preSolution
		Debug|Any CPU = Debug|Any CPU
		Release|Any CPU = Release|Any CPU
	EndGlobalSection
	GlobalSection(ProjectConfigurationPlatforms) = postSolution
		{FEABCD2E-FC9E-4CE4-891D-D3F497322217}.Debug|Any CPU.ActiveCfg = Debug|Any CPU
		{FEABCD2E-FC9E-4CE4-891D-D3F497322217}.Debug|Any CPU.Build.0 = Debug|Any CPU
		{FEABCD2E-FC9E-4CE4-891D-D3F497322217}.Release|Any CPU.ActiveCfg = Release|Any CPU
		{FEABCD2E-FC9E-4CE4-891D-D3F497322217}.Release|Any CPU.Build.0 = Release|Any CPU
		{9C76E8E3-59D2-4186-B530-AAB7EAF0751A}.Debug|Any CPU.ActiveCfg = Debug|Any CPU
		{9C76E8E3-59D2-4186-B530-AAB7EAF0751A}.Debug|Any CPU.Build.0 = Debug|Any CPU
		{9C76E8E3-59D2-4186-B530-AAB7EAF0751A}.Release|Any CPU.ActiveCfg = Release|Any CPU
		{9C76E8E3-59D2-4186-B530-AAB7EAF0751A}.Release|Any CPU.Build.0 = Release|Any CPU
	EndGlobalSection
	GlobalSection(SolutionProperties) = preSolution
		HideSolutionNode = FALSE
	EndGlobalSection
EndGlobal
